
Microsoft Visual Studio Solution File, Format Version 12.00
# Visual Studio Version 16
VisualStudioVersion = 16.0.31613.86
MinimumVisualStudioVersion = 10.0.40219.1
Project("{FAE04EC0-301F-11D3-BF4B-00C04F79EFBC}") = "AvailabilityMonitor", "AvailabilityMonitor\AvailabilityMonitor.csproj", "{376E687F-0F2A-4528-A745-E24D3CF7987C}"
EndProject
Global
	GlobalSection(SolutionConfigurationPlatforms) = preSolution
		Debug|Any CPU = Debug|Any CPU
		Release|Any CPU = Release|Any CPU
	EndGlobalSection
	GlobalSection(ProjectConfigurationPlatforms) = postSolution
		{376E687F-0F2A-4528-A745-E24D3CF7987C}.Debug|Any CPU.ActiveCfg = Debug|Any CPU
		{376E687F-0F2A-4528-A745-E24D3CF7987C}.Debug|Any CPU.Build.0 = Debug|Any CPU
		{376E687F-0F2A-4528-A745-E24D3CF7987C}.Release|Any CPU.ActiveCfg = Release|Any CPU
		{376E687F-0F2A-4528-A745-E24D3CF7987C}.Release|Any CPU.Build.0 = Release|Any CPU
	EndGlobalSection
	GlobalSection(SolutionProperties) = preSolution
		HideSolutionNode = FALSE
	EndGlobalSection
	GlobalSection(ExtensibilityGlobals) = postSolution
		SolutionGuid = {F9959E95-D9ED-414E-B689-1C2C75D809B3}
	EndGlobalSection
EndGlobal
